
Microsoft Visual Studio Solution File, Format Version 12.00
# Visual Studio 15
VisualStudioVersion = 15.0.28010.2046
MinimumVisualStudioVersion = 10.0.40219.1
Project("{2150E333-8FDC-42A3-9474-1A3956D46DE8}") = "Data", "Data", "{7591D18F-5551-4ACB-9F04-6849625E7BE3}"
EndProject
Project("{2150E333-8FDC-42A3-9474-1A3956D46DE8}") = "Services", "Services", "{7E8B5047-1696-43F6-B65C-9E4A3AC8F327}"
EndProject
Project("{2150E333-8FDC-42A3-9474-1A3956D46DE8}") = "Web", "Web", "{E2C29F86-E836-474C-97FB-18D43136BCA8}"
EndProject
Project("{2150E333-8FDC-42A3-9474-1A3956D46DE8}") = "Common", "Common", "{4728248C-86E0-43AE-906F-9C6E1EDDD4BD}"
EndProject
Project("{FAE04EC0-301F-11D3-BF4B-00C04F79EFBC}") = "ML.Data.Abstraction", "ML.Data.Abstraction\ML.Data.Abstraction.csproj", "{1722B9BC-0D93-4CCC-B916-C5E120467C24}"
EndProject
Project("{FAE04EC0-301F-11D3-BF4B-00C04F79EFBC}") = "ML.Data", "ML.Data\ML.Data.csproj", "{33EC8D9E-F711-445D-A9E0-AC7A5FB1414C}"
EndProject
Project("{FAE04EC0-301F-11D3-BF4B-00C04F79EFBC}") = "ML.Data.PostgreSQL", "ML.Data.PostgreSQL\ML.Data.PostgreSQL.csproj", "{273F3799-7EAE-419B-8E7A-79271AFF02BC}"
EndProject
Project("{FAE04EC0-301F-11D3-BF4B-00C04F79EFBC}") = "ML.Data.FileSystem", "ML.Data.FileSystem\ML.Data.FileSystem.csproj", "{0B639E38-4161-4A5B-9E57-FFE214B61510}"
EndProject
Project("{FAE04EC0-301F-11D3-BF4B-00C04F79EFBC}") = "ML.Data.Models", "ML.Data.Models\ML.Data.Models.csproj", "{E11B2A14-94C0-4CDA-9A11-849D0FB4C712}"
EndProject
Project("{FAE04EC0-301F-11D3-BF4B-00C04F79EFBC}") = "ML.Services.Abstraction", "ML.Services.Abstraction\ML.Services.Abstraction.csproj", "{92616428-5E6D-4D3D-B07F-8D3EC2802AC4}"
EndProject
Project("{FAE04EC0-301F-11D3-BF4B-00C04F79EFBC}") = "ML.Services.Data", "ML.Services.Data\ML.Services.Data.csproj", "{53615707-0E5B-4E01-A692-1B089CD2BC35}"
EndProject
Project("{FAE04EC0-301F-11D3-BF4B-00C04F79EFBC}") = "ML.Web.API", "ML.Web.API\ML.Web.API.csproj", "{5F2E98E6-81EB-4899-ADAE-FD01B1E6A8A8}"
EndProject
Project("{FAE04EC0-301F-11D3-BF4B-00C04F79EFBC}") = "ML.Web.API.IoC", "ML.Web.API.IoC\ML.Web.API.IoC.csproj", "{EE73AB1E-A63C-49E4-B3F8-883D8D151016}"
EndProject
Global
	GlobalSection(SolutionConfigurationPlatforms) = preSolution
		Debug|Any CPU = Debug|Any CPU
		Release|Any CPU = Release|Any CPU
	EndGlobalSection
	GlobalSection(ProjectConfigurationPlatforms) = postSolution
		{1722B9BC-0D93-4CCC-B916-C5E120467C24}.Debug|Any CPU.ActiveCfg = Debug|Any CPU
		{1722B9BC-0D93-4CCC-B916-C5E120467C24}.Debug|Any CPU.Build.0 = Debug|Any CPU
		{1722B9BC-0D93-4CCC-B916-C5E120467C24}.Release|Any CPU.ActiveCfg = Release|Any CPU
		{1722B9BC-0D93-4CCC-B916-C5E120467C24}.Release|Any CPU.Build.0 = Release|Any CPU
		{33EC8D9E-F711-445D-A9E0-AC7A5FB1414C}.Debug|Any CPU.ActiveCfg = Debug|Any CPU
		{33EC8D9E-F711-445D-A9E0-AC7A5FB1414C}.Debug|Any CPU.Build.0 = Debug|Any CPU
		{33EC8D9E-F711-445D-A9E0-AC7A5FB1414C}.Release|Any CPU.ActiveCfg = Release|Any CPU
		{33EC8D9E-F711-445D-A9E0-AC7A5FB1414C}.Release|Any CPU.Build.0 = Release|Any CPU
		{273F3799-7EAE-419B-8E7A-79271AFF02BC}.Debug|Any CPU.ActiveCfg = Debug|Any CPU
		{273F3799-7EAE-419B-8E7A-79271AFF02BC}.Debug|Any CPU.Build.0 = Debug|Any CPU
		{273F3799-7EAE-419B-8E7A-79271AFF02BC}.Release|Any CPU.ActiveCfg = Release|Any CPU
		{273F3799-7EAE-419B-8E7A-79271AFF02BC}.Release|Any CPU.Build.0 = Release|Any CPU
		{0B639E38-4161-4A5B-9E57-FFE214B61510}.Debug|Any CPU.ActiveCfg = Debug|Any CPU
		{0B639E38-4161-4A5B-9E57-FFE214B61510}.Debug|Any CPU.Build.0 = Debug|Any CPU
		{0B639E38-4161-4A5B-9E57-FFE214B61510}.Release|Any CPU.ActiveCfg = Release|Any CPU
		{0B639E38-4161-4A5B-9E57-FFE214B61510}.Release|Any CPU.Build.0 = Release|Any CPU
		{E11B2A14-94C0-4CDA-9A11-849D0FB4C712}.Debug|Any CPU.ActiveCfg = Debug|Any CPU
		{E11B2A14-94C0-4CDA-9A11-849D0FB4C712}.Debug|Any CPU.Build.0 = Debug|Any CPU
		{E11B2A14-94C0-4CDA-9A11-849D0FB4C712}.Release|Any CPU.ActiveCfg = Release|Any CPU
		{E11B2A14-94C0-4CDA-9A11-849D0FB4C712}.Release|Any CPU.Build.0 = Release|Any CPU
		{92616428-5E6D-4D3D-B07F-8D3EC2802AC4}.Debug|Any CPU.ActiveCfg = Debug|Any CPU
		{92616428-5E6D-4D3D-B07F-8D3EC2802AC4}.Debug|Any CPU.Build.0 = Debug|Any CPU
		{92616428-5E6D-4D3D-B07F-8D3EC2802AC4}.Release|Any CPU.ActiveCfg = Release|Any CPU
		{92616428-5E6D-4D3D-B07F-8D3EC2802AC4}.Release|Any CPU.Build.0 = Release|Any CPU
		{53615707-0E5B-4E01-A692-1B089CD2BC35}.Debug|Any CPU.ActiveCfg = Debug|Any CPU
		{53615707-0E5B-4E01-A692-1B089CD2BC35}.Debug|Any CPU.Build.0 = Debug|Any CPU
		{53615707-0E5B-4E01-A692-1B089CD2BC35}.Release|Any CPU.ActiveCfg = Release|Any CPU
		{53615707-0E5B-4E01-A692-1B089CD2BC35}.Release|Any CPU.Build.0 = Release|Any CPU
		{5F2E98E6-81EB-4899-ADAE-FD01B1E6A8A8}.Debug|Any CPU.ActiveCfg = Debug|Any CPU
		{5F2E98E6-81EB-4899-ADAE-FD01B1E6A8A8}.Debug|Any CPU.Build.0 = Debug|Any CPU
		{5F2E98E6-81EB-4899-ADAE-FD01B1E6A8A8}.Release|Any CPU.ActiveCfg = Release|Any CPU
		{5F2E98E6-81EB-4899-ADAE-FD01B1E6A8A8}.Release|Any CPU.Build.0 = Release|Any CPU
		{EE73AB1E-A63C-49E4-B3F8-883D8D151016}.Debug|Any CPU.ActiveCfg = Debug|Any CPU
		{EE73AB1E-A63C-49E4-B3F8-883D8D151016}.Debug|Any CPU.Build.0 = Debug|Any CPU
		{EE73AB1E-A63C-49E4-B3F8-883D8D151016}.Release|Any CPU.ActiveCfg = Release|Any CPU
		{EE73AB1E-A63C-49E4-B3F8-883D8D151016}.Release|Any CPU.Build.0 = Release|Any CPU
	EndGlobalSection
	GlobalSection(SolutionProperties) = preSolution
		HideSolutionNode = FALSE
	EndGlobalSection
	GlobalSection(NestedProjects) = preSolution
		{1722B9BC-0D93-4CCC-B916-C5E120467C24} = {7591D18F-5551-4ACB-9F04-6849625E7BE3}
		{33EC8D9E-F711-445D-A9E0-AC7A5FB1414C} = {7591D18F-5551-4ACB-9F04-6849625E7BE3}
		{273F3799-7EAE-419B-8E7A-79271AFF02BC} = {7591D18F-5551-4ACB-9F04-6849625E7BE3}
		{0B639E38-4161-4A5B-9E57-FFE214B61510} = {7591D18F-5551-4ACB-9F04-6849625E7BE3}
		{E11B2A14-94C0-4CDA-9A11-849D0FB4C712} = {7591D18F-5551-4ACB-9F04-6849625E7BE3}
		{92616428-5E6D-4D3D-B07F-8D3EC2802AC4} = {7E8B5047-1696-43F6-B65C-9E4A3AC8F327}
		{53615707-0E5B-4E01-A692-1B089CD2BC35} = {7E8B5047-1696-43F6-B65C-9E4A3AC8F327}
		{5F2E98E6-81EB-4899-ADAE-FD01B1E6A8A8} = {E2C29F86-E836-474C-97FB-18D43136BCA8}
		{EE73AB1E-A63C-49E4-B3F8-883D8D151016} = {E2C29F86-E836-474C-97FB-18D43136BCA8}
	EndGlobalSection
	GlobalSection(ExtensibilityGlobals) = postSolution
		SolutionGuid = {BACABD0C-487D-4EFF-B741-0C89FD5A976C}
	EndGlobalSection
EndGlobal
